// !$*UTF8*$!
{
	archiveVersion = 1;
	classes = {
	};
	objectVersion = 51;
	objects = {

/* Begin PBXBuildFile section */
		3F0B4DF623F3D87D006FE05E /* Extensions.swift in Sources */ = {isa = PBXBuildFile; fileRef = 3F0B4DF523F3D87D006FE05E /* Extensions.swift */; };
		3F0B4DF823F50CF3006FE05E /* ImageViewControllerTableViewController.swift in Sources */ = {isa = PBXBuildFile; fileRef = 3F0B4DF723F50CF3006FE05E /* ImageViewControllerTableViewController.swift */; };
		3F0B4E0E23F5392B006FE05E /* ModelTests.swift in Sources */ = {isa = PBXBuildFile; fileRef = 3F0B4E0D23F5392B006FE05E /* ModelTests.swift */; };
		3F0B4E1723F539AE006FE05E /* ServiceTests.swift in Sources */ = {isa = PBXBuildFile; fileRef = 3F0B4E1623F539AE006FE05E /* ServiceTests.swift */; };
		3F0B4E1923F539BF006FE05E /* UtilsTests.swift in Sources */ = {isa = PBXBuildFile; fileRef = 3F0B4E1823F539BF006FE05E /* UtilsTests.swift */; };
		3F6D945A23F16DA700B1FF37 /* Constants.swift in Sources */ = {isa = PBXBuildFile; fileRef = 3F6D945923F16DA700B1FF37 /* Constants.swift */; };
		3F6D946023F18B2400B1FF37 /* ImagoModel.swift in Sources */ = {isa = PBXBuildFile; fileRef = 3F6D945F23F18B2400B1FF37 /* ImagoModel.swift */; };
		3F6D946223F18B4F00B1FF37 /* InfoModel.swift in Sources */ = {isa = PBXBuildFile; fileRef = 3F6D946123F18B4F00B1FF37 /* InfoModel.swift */; };
		3F6D946423F18EBE00B1FF37 /* ImagoTableViewCell.swift in Sources */ = {isa = PBXBuildFile; fileRef = 3F6D946323F18EBE00B1FF37 /* ImagoTableViewCell.swift */; };
		3F6D946A23F1947100B1FF37 /* LazyImageView.swift in Sources */ = {isa = PBXBuildFile; fileRef = 3F6D946923F1947100B1FF37 /* LazyImageView.swift */; };
		3F8539DC23F15C2B00DC8939 /* AppDelegate.swift in Sources */ = {isa = PBXBuildFile; fileRef = 3F8539DB23F15C2B00DC8939 /* AppDelegate.swift */; };
		3F8539DE23F15C2B00DC8939 /* SceneDelegate.swift in Sources */ = {isa = PBXBuildFile; fileRef = 3F8539DD23F15C2B00DC8939 /* SceneDelegate.swift */; };
		3F8539E523F15C2D00DC8939 /* Assets.xcassets in Resources */ = {isa = PBXBuildFile; fileRef = 3F8539E423F15C2D00DC8939 /* Assets.xcassets */; };
		3F8539E823F15C2D00DC8939 /* LaunchScreen.storyboard in Resources */ = {isa = PBXBuildFile; fileRef = 3F8539E623F15C2D00DC8939 /* LaunchScreen.storyboard */; };
		3F8EB2AF23F29CE400AADF97 /* Service.swift in Sources */ = {isa = PBXBuildFile; fileRef = 3F8EB2AE23F29CE400AADF97 /* Service.swift */; };
		3F8EB2B123F29D8B00AADF97 /* ImageViewModel.swift in Sources */ = {isa = PBXBuildFile; fileRef = 3F8EB2B023F29D8B00AADF97 /* ImageViewModel.swift */; };
		3F8EB2B323F29D9C00AADF97 /* ErrorViewModel.swift in Sources */ = {isa = PBXBuildFile; fileRef = 3F8EB2B223F29D9C00AADF97 /* ErrorViewModel.swift */; };
		3F8EB2B523F29DEB00AADF97 /* InfoViewModel.swift in Sources */ = {isa = PBXBuildFile; fileRef = 3F8EB2B423F29DEB00AADF97 /* InfoViewModel.swift */; };
		3F8EB2B723F2A15300AADF97 /* ImageError.swift in Sources */ = {isa = PBXBuildFile; fileRef = 3F8EB2B623F2A15300AADF97 /* ImageError.swift */; };
		3F8EB2B923F2A51D00AADF97 /* Utility.swift in Sources */ = {isa = PBXBuildFile; fileRef = 3F8EB2B823F2A51D00AADF97 /* Utility.swift */; };
		3F8EB2BB23F2E03900AADF97 /* ErrorCell.swift in Sources */ = {isa = PBXBuildFile; fileRef = 3F8EB2BA23F2E03900AADF97 /* ErrorCell.swift */; };
		41F63369B65BC5F515E281A9 /* Pods_ImagoApp.framework in Frameworks */ = {isa = PBXBuildFile; fileRef = A151786FB429D72DE8AE48F6 /* Pods_ImagoApp.framework */; };
/* End PBXBuildFile section */

/* Begin PBXContainerItemProxy section */
		3F0B4E1023F5392B006FE05E /* PBXContainerItemProxy */ = {
			isa = PBXContainerItemProxy;
			containerPortal = 3F8539D023F15C2B00DC8939 /* Project object */;
			proxyType = 1;
			remoteGlobalIDString = 3F8539D723F15C2B00DC8939;
			remoteInfo = ImagoApp;
		};
/* End PBXContainerItemProxy section */

/* Begin PBXFileReference section */
		3F0B4DF523F3D87D006FE05E /* Extensions.swift */ = {isa = PBXFileReference; lastKnownFileType = sourcecode.swift; path = Extensions.swift; sourceTree = "<group>"; };
		3F0B4DF723F50CF3006FE05E /* ImageViewControllerTableViewController.swift */ = {isa = PBXFileReference; lastKnownFileType = sourcecode.swift; path = ImageViewControllerTableViewController.swift; sourceTree = "<group>"; };
		3F0B4E0B23F5392B006FE05E /* ImagoAppTests.xctest */ = {isa = PBXFileReference; explicitFileType = wrapper.cfbundle; includeInIndex = 0; path = ImagoAppTests.xctest; sourceTree = BUILT_PRODUCTS_DIR; };
		3F0B4E0D23F5392B006FE05E /* ModelTests.swift */ = {isa = PBXFileReference; lastKnownFileType = sourcecode.swift; path = ModelTests.swift; sourceTree = "<group>"; };
		3F0B4E0F23F5392B006FE05E /* Info.plist */ = {isa = PBXFileReference; lastKnownFileType = text.plist.xml; path = Info.plist; sourceTree = "<group>"; };
		3F0B4E1623F539AE006FE05E /* ServiceTests.swift */ = {isa = PBXFileReference; lastKnownFileType = sourcecode.swift; path = ServiceTests.swift; sourceTree = "<group>"; };
		3F0B4E1823F539BF006FE05E /* UtilsTests.swift */ = {isa = PBXFileReference; lastKnownFileType = sourcecode.swift; path = UtilsTests.swift; sourceTree = "<group>"; };
		3F6D945923F16DA700B1FF37 /* Constants.swift */ = {isa = PBXFileReference; lastKnownFileType = sourcecode.swift; path = Constants.swift; sourceTree = "<group>"; };
		3F6D945F23F18B2400B1FF37 /* ImagoModel.swift */ = {isa = PBXFileReference; lastKnownFileType = sourcecode.swift; path = ImagoModel.swift; sourceTree = "<group>"; };
		3F6D946123F18B4F00B1FF37 /* InfoModel.swift */ = {isa = PBXFileReference; lastKnownFileType = sourcecode.swift; path = InfoModel.swift; sourceTree = "<group>"; };
		3F6D946323F18EBE00B1FF37 /* ImagoTableViewCell.swift */ = {isa = PBXFileReference; lastKnownFileType = sourcecode.swift; path = ImagoTableViewCell.swift; sourceTree = "<group>"; };
		3F6D946923F1947100B1FF37 /* LazyImageView.swift */ = {isa = PBXFileReference; lastKnownFileType = sourcecode.swift; path = LazyImageView.swift; sourceTree = "<group>"; };
		3F8539D823F15C2B00DC8939 /* ImagoApp.app */ = {isa = PBXFileReference; explicitFileType = wrapper.application; includeInIndex = 0; path = ImagoApp.app; sourceTree = BUILT_PRODUCTS_DIR; };
		3F8539DB23F15C2B00DC8939 /* AppDelegate.swift */ = {isa = PBXFileReference; lastKnownFileType = sourcecode.swift; path = AppDelegate.swift; sourceTree = "<group>"; };
		3F8539DD23F15C2B00DC8939 /* SceneDelegate.swift */ = {isa = PBXFileReference; lastKnownFileType = sourcecode.swift; path = SceneDelegate.swift; sourceTree = "<group>"; };
		3F8539E423F15C2D00DC8939 /* Assets.xcassets */ = {isa = PBXFileReference; lastKnownFileType = folder.assetcatalog; path = Assets.xcassets; sourceTree = "<group>"; };
		3F8539E723F15C2D00DC8939 /* Base */ = {isa = PBXFileReference; lastKnownFileType = file.storyboard; name = Base; path = Base.lproj/LaunchScreen.storyboard; sourceTree = "<group>"; };
		3F8539E923F15C2D00DC8939 /* Info.plist */ = {isa = PBXFileReference; lastKnownFileType = text.plist.xml; path = Info.plist; sourceTree = "<group>"; };
		3F8EB2AE23F29CE400AADF97 /* Service.swift */ = {isa = PBXFileReference; lastKnownFileType = sourcecode.swift; path = Service.swift; sourceTree = "<group>"; };
		3F8EB2B023F29D8B00AADF97 /* ImageViewModel.swift */ = {isa = PBXFileReference; lastKnownFileType = sourcecode.swift; path = ImageViewModel.swift; sourceTree = "<group>"; };
		3F8EB2B223F29D9C00AADF97 /* ErrorViewModel.swift */ = {isa = PBXFileReference; lastKnownFileType = sourcecode.swift; path = ErrorViewModel.swift; sourceTree = "<group>"; };
		3F8EB2B423F29DEB00AADF97 /* InfoViewModel.swift */ = {isa = PBXFileReference; lastKnownFileType = sourcecode.swift; path = InfoViewModel.swift; sourceTree = "<group>"; };
		3F8EB2B623F2A15300AADF97 /* ImageError.swift */ = {isa = PBXFileReference; lastKnownFileType = sourcecode.swift; path = ImageError.swift; sourceTree = "<group>"; };
		3F8EB2B823F2A51D00AADF97 /* Utility.swift */ = {isa = PBXFileReference; lastKnownFileType = sourcecode.swift; path = Utility.swift; sourceTree = "<group>"; };
		3F8EB2BA23F2E03900AADF97 /* ErrorCell.swift */ = {isa = PBXFileReference; lastKnownFileType = sourcecode.swift; path = ErrorCell.swift; sourceTree = "<group>"; };
		7B5FEE455FCACD44A77B4456 /* Pods-ImagoApp.debug.xcconfig */ = {isa = PBXFileReference; includeInIndex = 1; lastKnownFileType = text.xcconfig; name = "Pods-ImagoApp.debug.xcconfig"; path = "Target Support Files/Pods-ImagoApp/Pods-ImagoApp.debug.xcconfig"; sourceTree = "<group>"; };
		A151786FB429D72DE8AE48F6 /* Pods_ImagoApp.framework */ = {isa = PBXFileReference; explicitFileType = wrapper.framework; includeInIndex = 0; path = Pods_ImagoApp.framework; sourceTree = BUILT_PRODUCTS_DIR; };
		C36E4FCE04BBFC77DA56245B /* Pods-ImagoApp.release.xcconfig */ = {isa = PBXFileReference; includeInIndex = 1; lastKnownFileType = text.xcconfig; name = "Pods-ImagoApp.release.xcconfig"; path = "Target Support Files/Pods-ImagoApp/Pods-ImagoApp.release.xcconfig"; sourceTree = "<group>"; };
/* End PBXFileReference section */

/* Begin PBXFrameworksBuildPhase section */
		3F0B4E0823F5392B006FE05E /* Frameworks */ = {
			isa = PBXFrameworksBuildPhase;
			buildActionMask = 2147483647;
			files = (
			);
			runOnlyForDeploymentPostprocessing = 0;
		};
		3F8539D523F15C2B00DC8939 /* Frameworks */ = {
			isa = PBXFrameworksBuildPhase;
			buildActionMask = 2147483647;
			files = (
				41F63369B65BC5F515E281A9 /* Pods_ImagoApp.framework in Frameworks */,
			);
			runOnlyForDeploymentPostprocessing = 0;
		};
/* End PBXFrameworksBuildPhase section */

/* Begin PBXGroup section */
		3F0B4E0C23F5392B006FE05E /* ImagoAppTests */ = {
			isa = PBXGroup;
			children = (
				3F0B4E1523F53937006FE05E /* Cases */,
				3F0B4E0F23F5392B006FE05E /* Info.plist */,
			);
			path = ImagoAppTests;
			sourceTree = "<group>";
		};
		3F0B4E1523F53937006FE05E /* Cases */ = {
			isa = PBXGroup;
			children = (
				3F0B4E0D23F5392B006FE05E /* ModelTests.swift */,
				3F0B4E1623F539AE006FE05E /* ServiceTests.swift */,
				3F0B4E1823F539BF006FE05E /* UtilsTests.swift */,
			);
			path = Cases;
			sourceTree = "<group>";
		};
		3F6D945123F1657E00B1FF37 /* View */ = {
			isa = PBXGroup;
			children = (
				3F6D946323F18EBE00B1FF37 /* ImagoTableViewCell.swift */,
				3F6D946923F1947100B1FF37 /* LazyImageView.swift */,
				3F8EB2BA23F2E03900AADF97 /* ErrorCell.swift */,
			);
			path = View;
			sourceTree = "<group>";
		};
		3F6D945523F167F000B1FF37 /* Model */ = {
			isa = PBXGroup;
			children = (
				3F6D946123F18B4F00B1FF37 /* InfoModel.swift */,
				3F6D945F23F18B2400B1FF37 /* ImagoModel.swift */,
			);
			path = Model;
			sourceTree = "<group>";
		};
		3F6D945623F167F900B1FF37 /* ViewModel */ = {
			isa = PBXGroup;
			children = (
				3F8EB2B023F29D8B00AADF97 /* ImageViewModel.swift */,
				3F8EB2B223F29D9C00AADF97 /* ErrorViewModel.swift */,
				3F8EB2B423F29DEB00AADF97 /* InfoViewModel.swift */,
			);
			path = ViewModel;
			sourceTree = "<group>";
		};
		3F6D945723F1680200B1FF37 /* Controller */ = {
			isa = PBXGroup;
			children = (
				3F8539DB23F15C2B00DC8939 /* AppDelegate.swift */,
				3F8539DD23F15C2B00DC8939 /* SceneDelegate.swift */,
				3F0B4DF723F50CF3006FE05E /* ImageViewControllerTableViewController.swift */,
			);
			path = Controller;
			sourceTree = "<group>";
		};
		3F6D945823F1680900B1FF37 /* Resources */ = {
			isa = PBXGroup;
			children = (
				3F8539E423F15C2D00DC8939 /* Assets.xcassets */,
				3F8539E623F15C2D00DC8939 /* LaunchScreen.storyboard */,
				3F6D945923F16DA700B1FF37 /* Constants.swift */,
				3F8EB2AE23F29CE400AADF97 /* Service.swift */,
				3F8EB2B623F2A15300AADF97 /* ImageError.swift */,
				3F8EB2B823F2A51D00AADF97 /* Utility.swift */,
				3F0B4DF523F3D87D006FE05E /* Extensions.swift */,
			);
			path = Resources;
			sourceTree = "<group>";
		};
		3F8539CF23F15C2B00DC8939 = {
			isa = PBXGroup;
			children = (
				3F8539DA23F15C2B00DC8939 /* ImagoApp */,
				3F0B4E0C23F5392B006FE05E /* ImagoAppTests */,
				3F8539D923F15C2B00DC8939 /* Products */,
				8D30AC5CE8A80740F45E8A3E /* Pods */,
				A39130C0C1609D9B2815D8A5 /* Frameworks */,
			);
			sourceTree = "<group>";
		};
		3F8539D923F15C2B00DC8939 /* Products */ = {
			isa = PBXGroup;
			children = (
				3F8539D823F15C2B00DC8939 /* ImagoApp.app */,
				3F0B4E0B23F5392B006FE05E /* ImagoAppTests.xctest */,
			);
			name = Products;
			sourceTree = "<group>";
		};
		3F8539DA23F15C2B00DC8939 /* ImagoApp */ = {
			isa = PBXGroup;
			children = (
				3F8539E923F15C2D00DC8939 /* Info.plist */,
				3F6D945823F1680900B1FF37 /* Resources */,
				3F6D945723F1680200B1FF37 /* Controller */,
				3F6D945623F167F900B1FF37 /* ViewModel */,
				3F6D945523F167F000B1FF37 /* Model */,
				3F6D945123F1657E00B1FF37 /* View */,
			);
			path = ImagoApp;
			sourceTree = "<group>";
		};
		8D30AC5CE8A80740F45E8A3E /* Pods */ = {
			isa = PBXGroup;
			children = (
				7B5FEE455FCACD44A77B4456 /* Pods-ImagoApp.debug.xcconfig */,
				C36E4FCE04BBFC77DA56245B /* Pods-ImagoApp.release.xcconfig */,
			);
			path = Pods;
			sourceTree = "<group>";
		};
		A39130C0C1609D9B2815D8A5 /* Frameworks */ = {
			isa = PBXGroup;
			children = (
				A151786FB429D72DE8AE48F6 /* Pods_ImagoApp.framework */,
			);
			name = Frameworks;
			sourceTree = "<group>";
		};
/* End PBXGroup section */

/* Begin PBXNativeTarget section */
		3F0B4E0A23F5392B006FE05E /* ImagoAppTests */ = {
			isa = PBXNativeTarget;
			buildConfigurationList = 3F0B4E1223F5392B006FE05E /* Build configuration list for PBXNativeTarget "ImagoAppTests" */;
			buildPhases = (
				3F0B4E0723F5392B006FE05E /* Sources */,
				3F0B4E0823F5392B006FE05E /* Frameworks */,
				3F0B4E0923F5392B006FE05E /* Resources */,
			);
			buildRules = (
			);
			dependencies = (
				3F0B4E1123F5392B006FE05E /* PBXTargetDependency */,
			);
			name = ImagoAppTests;
			productName = ImagoAppTests;
			productReference = 3F0B4E0B23F5392B006FE05E /* ImagoAppTests.xctest */;
			productType = "com.apple.product-type.bundle.unit-test";
		};
		3F8539D723F15C2B00DC8939 /* ImagoApp */ = {
			isa = PBXNativeTarget;
			buildConfigurationList = 3F8539EC23F15C2D00DC8939 /* Build configuration list for PBXNativeTarget "ImagoApp" */;
			buildPhases = (
				71602519437AE5F34B3E9FBE /* [CP] Check Pods Manifest.lock */,
				3F8539D423F15C2B00DC8939 /* Sources */,
				3F8539D523F15C2B00DC8939 /* Frameworks */,
				3F8539D623F15C2B00DC8939 /* Resources */,
				F658B677BA5B0728A8B6D381 /* [CP] Embed Pods Frameworks */,
				3F0B4E1A23FA95A3006FE05E /* SwiftLint Run script */,
			);
			buildRules = (
			);
			dependencies = (
			);
			name = ImagoApp;
			productName = ImagoApp;
			productReference = 3F8539D823F15C2B00DC8939 /* ImagoApp.app */;
			productType = "com.apple.product-type.application";
		};
/* End PBXNativeTarget section */

/* Begin PBXProject section */
		3F8539D023F15C2B00DC8939 /* Project object */ = {
			isa = PBXProject;
			attributes = {
				LastSwiftUpdateCheck = 1100;
				LastUpgradeCheck = 1100;
				ORGANIZATIONNAME = Wayout;
				TargetAttributes = {
					3F0B4E0A23F5392B006FE05E = {
						CreatedOnToolsVersion = 11.0;
						TestTargetID = 3F8539D723F15C2B00DC8939;
					};
					3F8539D723F15C2B00DC8939 = {
						CreatedOnToolsVersion = 11.0;
					};
				};
			};
			buildConfigurationList = 3F8539D323F15C2B00DC8939 /* Build configuration list for PBXProject "ImagoApp" */;
			compatibilityVersion = "Xcode 9.3";
			developmentRegion = en;
			hasScannedForEncodings = 0;
			knownRegions = (
				en,
				Base,
			);
			mainGroup = 3F8539CF23F15C2B00DC8939;
			productRefGroup = 3F8539D923F15C2B00DC8939 /* Products */;
			projectDirPath = "";
			projectRoot = "";
			targets = (
				3F8539D723F15C2B00DC8939 /* ImagoApp */,
				3F0B4E0A23F5392B006FE05E /* ImagoAppTests */,
			);
		};
/* End PBXProject section */

/* Begin PBXResourcesBuildPhase section */
		3F0B4E0923F5392B006FE05E /* Resources */ = {
			isa = PBXResourcesBuildPhase;
			buildActionMask = 2147483647;
			files = (
			);
			runOnlyForDeploymentPostprocessing = 0;
		};
		3F8539D623F15C2B00DC8939 /* Resources */ = {
			isa = PBXResourcesBuildPhase;
			buildActionMask = 2147483647;
			files = (
				3F8539E823F15C2D00DC8939 /* LaunchScreen.storyboard in Resources */,
				3F8539E523F15C2D00DC8939 /* Assets.xcassets in Resources */,
			);
			runOnlyForDeploymentPostprocessing = 0;
		};
/* End PBXResourcesBuildPhase section */

/* Begin PBXShellScriptBuildPhase section */
		3F0B4E1A23FA95A3006FE05E /* SwiftLint Run script */ = {
			isa = PBXShellScriptBuildPhase;
			buildActionMask = 2147483647;
			files = (
			);
			inputFileListPaths = (
			);
			inputPaths = (
			);
			name = "SwiftLint Run script";
			outputFileListPaths = (
			);
			outputPaths = (
			);
			runOnlyForDeploymentPostprocessing = 0;
			shellPath = /bin/sh;
			shellScript = "# Type a script or drag a script file from your workspace to insert its path.\n\"${PODS_ROOT}/SwiftLint/swiftlint\"\n";
		};
		71602519437AE5F34B3E9FBE /* [CP] Check Pods Manifest.lock */ = {
			isa = PBXShellScriptBuildPhase;
			buildActionMask = 2147483647;
			files = (
			);
			inputFileListPaths = (
			);
			inputPaths = (
				"${PODS_PODFILE_DIR_PATH}/Podfile.lock",
				"${PODS_ROOT}/Manifest.lock",
			);
			name = "[CP] Check Pods Manifest.lock";
			outputFileListPaths = (
			);
			outputPaths = (
				"$(DERIVED_FILE_DIR)/Pods-ImagoApp-checkManifestLockResult.txt",
			);
			runOnlyForDeploymentPostprocessing = 0;
			shellPath = /bin/sh;
			shellScript = "diff \"${PODS_PODFILE_DIR_PATH}/Podfile.lock\" \"${PODS_ROOT}/Manifest.lock\" > /dev/null\nif [ $? != 0 ] ; then\n    # print error to STDERR\n    echo \"error: The sandbox is not in sync with the Podfile.lock. Run 'pod install' or update your CocoaPods installation.\" >&2\n    exit 1\nfi\n# This output is used by Xcode 'outputs' to avoid re-running this script phase.\necho \"SUCCESS\" > \"${SCRIPT_OUTPUT_FILE_0}\"\n";
			showEnvVarsInLog = 0;
		};
		F658B677BA5B0728A8B6D381 /* [CP] Embed Pods Frameworks */ = {
			isa = PBXShellScriptBuildPhase;
			buildActionMask = 2147483647;
			files = (
			);
			inputFileListPaths = (
				"${PODS_ROOT}/Target Support Files/Pods-ImagoApp/Pods-ImagoApp-frameworks-${CONFIGURATION}-input-files.xcfilelist",
			);
			name = "[CP] Embed Pods Frameworks";
			outputFileListPaths = (
				"${PODS_ROOT}/Target Support Files/Pods-ImagoApp/Pods-ImagoApp-frameworks-${CONFIGURATION}-output-files.xcfilelist",
			);
			runOnlyForDeploymentPostprocessing = 0;
			shellPath = /bin/sh;
			shellScript = "\"${PODS_ROOT}/Target Support Files/Pods-ImagoApp/Pods-ImagoApp-frameworks.sh\"\n";
		};
/* End PBXShellScriptBuildPhase section */

/* Begin PBXSourcesBuildPhase section */
		3F0B4E0723F5392B006FE05E /* Sources */ = {
			isa = PBXSourcesBuildPhase;
			buildActionMask = 2147483647;
			files = (
				3F0B4E0E23F5392B006FE05E /* ModelTests.swift in Sources */,
				3F0B4E1723F539AE006FE05E /* ServiceTests.swift in Sources */,
				3F0B4E1923F539BF006FE05E /* UtilsTests.swift in Sources */,
			);
			runOnlyForDeploymentPostprocessing = 0;
		};
		3F8539D423F15C2B00DC8939 /* Sources */ = {
			isa = PBXSourcesBuildPhase;
			buildActionMask = 2147483647;
			files = (
				3F0B4DF823F50CF3006FE05E /* ImageViewControllerTableViewController.swift in Sources */,
				3F8EB2B923F2A51D00AADF97 /* Utility.swift in Sources */,
				3F8539DC23F15C2B00DC8939 /* AppDelegate.swift in Sources */,
				3F8EB2B523F29DEB00AADF97 /* InfoViewModel.swift in Sources */,
				3F8539DE23F15C2B00DC8939 /* SceneDelegate.swift in Sources */,
				3F6D946423F18EBE00B1FF37 /* ImagoTableViewCell.swift in Sources */,
				3F8EB2B723F2A15300AADF97 /* ImageError.swift in Sources */,
				3F6D946A23F1947100B1FF37 /* LazyImageView.swift in Sources */,
				3F8EB2BB23F2E03900AADF97 /* ErrorCell.swift in Sources */,
				3F8EB2AF23F29CE400AADF97 /* Service.swift in Sources */,
				3F8EB2B123F29D8B00AADF97 /* ImageViewModel.swift in Sources */,
				3F0B4DF623F3D87D006FE05E /* Extensions.swift in Sources */,
				3F6D945A23F16DA700B1FF37 /* Constants.swift in Sources */,
				3F6D946223F18B4F00B1FF37 /* InfoModel.swift in Sources */,
				3F6D946023F18B2400B1FF37 /* ImagoModel.swift in Sources */,
				3F8EB2B323F29D9C00AADF97 /* ErrorViewModel.swift in Sources */,
			);
			runOnlyForDeploymentPostprocessing = 0;
		};
/* End PBXSourcesBuildPhase section */

/* Begin PBXTargetDependency section */
		3F0B4E1123F5392B006FE05E /* PBXTargetDependency */ = {
			isa = PBXTargetDependency;
			target = 3F8539D723F15C2B00DC8939 /* ImagoApp */;
			targetProxy = 3F0B4E1023F5392B006FE05E /* PBXContainerItemProxy */;
		};
/* End PBXTargetDependency section */

/* Begin PBXVariantGroup section */
		3F8539E623F15C2D00DC8939 /* LaunchScreen.storyboard */ = {
			isa = PBXVariantGroup;
			children = (
				3F8539E723F15C2D00DC8939 /* Base */,
			);
			name = LaunchScreen.storyboard;
			sourceTree = "<group>";
		};
/* End PBXVariantGroup section */

/* Begin XCBuildConfiguration section */
		3F0B4E1323F5392B006FE05E /* Debug */ = {
			isa = XCBuildConfiguration;
			buildSettings = {
				BUNDLE_LOADER = "$(TEST_HOST)";
				CODE_SIGN_STYLE = Automatic;
				DEVELOPMENT_TEAM = NZS88LGRK8;
				INFOPLIST_FILE = ImagoAppTests/Info.plist;
				LD_RUNPATH_SEARCH_PATHS = (
					"$(inherited)",
					"@executable_path/Frameworks",
					"@loader_path/Frameworks",
				);
				PRODUCT_BUNDLE_IDENTIFIER = com.Wayout.ImagoAppTests;
				PRODUCT_NAME = "$(TARGET_NAME)";
				SWIFT_VERSION = 5.0;
				TARGETED_DEVICE_FAMILY = "1,2";
				TEST_HOST = "$(BUILT_PRODUCTS_DIR)/ImagoApp.app/ImagoApp";
			};
			name = Debug;
		};
		3F0B4E1423F5392B006FE05E /* Release */ = {
			isa = XCBuildConfiguration;
			buildSettings = {
				BUNDLE_LOADER = "$(TEST_HOST)";
				CODE_SIGN_STYLE = Automatic;
				DEVELOPMENT_TEAM = NZS88LGRK8;
				INFOPLIST_FILE = ImagoAppTests/Info.plist;
				LD_RUNPATH_SEARCH_PATHS = (
					"$(inherited)",
					"@executable_path/Frameworks",
					"@loader_path/Frameworks",
				);
				PRODUCT_BUNDLE_IDENTIFIER = com.Wayout.ImagoAppTests;
				PRODUCT_NAME = "$(TARGET_NAME)";
				SWIFT_VERSION = 5.0;
				TARGETED_DEVICE_FAMILY = "1,2";
				TEST_HOST = "$(BUILT_PRODUCTS_DIR)/ImagoApp.app/ImagoApp";
			};
			name = Release;
		};
		3F8539EA23F15C2D00DC8939 /* Debug */ = {
			isa = XCBuildConfiguration;
			buildSettings = {
				ALWAYS_SEARCH_USER_PATHS = NO;
				CLANG_ANALYZER_NONNULL = YES;
				CLANG_ANALYZER_NUMBER_OBJECT_CONVERSION = YES_AGGRESSIVE;
				CLANG_CXX_LANGUAGE_STANDARD = "gnu++14";
				CLANG_CXX_LIBRARY = "libc++";
				CLANG_ENABLE_MODULES = YES;
				CLANG_ENABLE_OBJC_ARC = YES;
				CLANG_ENABLE_OBJC_WEAK = YES;
				CLANG_WARN_BLOCK_CAPTURE_AUTORELEASING = YES;
				CLANG_WARN_BOOL_CONVERSION = YES;
				CLANG_WARN_COMMA = YES;
				CLANG_WARN_CONSTANT_CONVERSION = YES;
				CLANG_WARN_DEPRECATED_OBJC_IMPLEMENTATIONS = YES;
				CLANG_WARN_DIRECT_OBJC_ISA_USAGE = YES_ERROR;
				CLANG_WARN_DOCUMENTATION_COMMENTS = YES;
				CLANG_WARN_EMPTY_BODY = YES;
				CLANG_WARN_ENUM_CONVERSION = YES;
				CLANG_WARN_INFINITE_RECURSION = YES;
				CLANG_WARN_INT_CONVERSION = YES;
				CLANG_WARN_NON_LITERAL_NULL_CONVERSION = YES;
				CLANG_WARN_OBJC_IMPLICIT_RETAIN_SELF = YES;
				CLANG_WARN_OBJC_LITERAL_CONVERSION = YES;
				CLANG_WARN_OBJC_ROOT_CLASS = YES_ERROR;
				CLANG_WARN_RANGE_LOOP_ANALYSIS = YES;
				CLANG_WARN_STRICT_PROTOTYPES = YES;
				CLANG_WARN_SUSPICIOUS_MOVE = YES;
				CLANG_WARN_UNGUARDED_AVAILABILITY = YES_AGGRESSIVE;
				CLANG_WARN_UNREACHABLE_CODE = YES;
				CLANG_WARN__DUPLICATE_METHOD_MATCH = YES;
				COPY_PHASE_STRIP = NO;
				DEBUG_INFORMATION_FORMAT = dwarf;
				ENABLE_STRICT_OBJC_MSGSEND = YES;
				ENABLE_TESTABILITY = YES;
				GCC_C_LANGUAGE_STANDARD = gnu11;
				GCC_DYNAMIC_NO_PIC = NO;
				GCC_NO_COMMON_BLOCKS = YES;
				GCC_OPTIMIZATION_LEVEL = 0;
				GCC_PREPROCESSOR_DEFINITIONS = (
					"DEBUG=1",
					"$(inherited)",
				);
				GCC_WARN_64_TO_32_BIT_CONVERSION = YES;
				GCC_WARN_ABOUT_RETURN_TYPE = YES_ERROR;
				GCC_WARN_UNDECLARED_SELECTOR = YES;
				GCC_WARN_UNINITIALIZED_AUTOS = YES_AGGRESSIVE;
				GCC_WARN_UNUSED_FUNCTION = YES;
				GCC_WARN_UNUSED_VARIABLE = YES;
				IPHONEOS_DEPLOYMENT_TARGET = 11.0;
				MTL_ENABLE_DEBUG_INFO = INCLUDE_SOURCE;
				MTL_FAST_MATH = YES;
				ONLY_ACTIVE_ARCH = YES;
				SDKROOT = iphoneos;
				SWIFT_ACTIVE_COMPILATION_CONDITIONS = DEBUG;
				SWIFT_OPTIMIZATION_LEVEL = "-Onone";
			};
			name = Debug;
		};
		3F8539EB23F15C2D00DC8939 /* Release */ = {
			isa = XCBuildConfiguration;
			buildSettings = {
				ALWAYS_SEARCH_USER_PATHS = NO;
				CLANG_ANALYZER_NONNULL = YES;
				CLANG_ANALYZER_NUMBER_OBJECT_CONVERSION = YES_AGGRESSIVE;
				CLANG_CXX_LANGUAGE_STANDARD = "gnu++14";
				CLANG_CXX_LIBRARY = "libc++";
				CLANG_ENABLE_MODULES = YES;
				CLANG_ENABLE_OBJC_ARC = YES;
				CLANG_ENABLE_OBJC_WEAK = YES;
				CLANG_WARN_BLOCK_CAPTURE_AUTORELEASING = YES;
				CLANG_WARN_BOOL_CONVERSION = YES;
				CLANG_WARN_COMMA = YES;
				CLANG_WARN_CONSTANT_CONVERSION = YES;
				CLANG_WARN_DEPRECATED_OBJC_IMPLEMENTATIONS = YES;
				CLANG_WARN_DIRECT_OBJC_ISA_USAGE = YES_ERROR;
				CLANG_WARN_DOCUMENTATION_COMMENTS = YES;
				CLANG_WARN_EMPTY_BODY = YES;
				CLANG_WARN_ENUM_CONVERSION = YES;
				CLANG_WARN_INFINITE_RECURSION = YES;
				CLANG_WARN_INT_CONVERSION = YES;
				CLANG_WARN_NON_LITERAL_NULL_CONVERSION = YES;
				CLANG_WARN_OBJC_IMPLICIT_RETAIN_SELF = YES;
				CLANG_WARN_OBJC_LITERAL_CONVERSION = YES;
				CLANG_WARN_OBJC_ROOT_CLASS = YES_ERROR;
				CLANG_WARN_RANGE_LOOP_ANALYSIS = YES;
				CLANG_WARN_STRICT_PROTOTYPES = YES;
				CLANG_WARN_SUSPICIOUS_MOVE = YES;
				CLANG_WARN_UNGUARDED_AVAILABILITY = YES_AGGRESSIVE;
				CLANG_WARN_UNREACHABLE_CODE = YES;
				CLANG_WARN__DUPLICATE_METHOD_MATCH = YES;
				COPY_PHASE_STRIP = NO;
				DEBUG_INFORMATION_FORMAT = "dwarf-with-dsym";
				ENABLE_NS_ASSERTIONS = NO;
				ENABLE_STRICT_OBJC_MSGSEND = YES;
				GCC_C_LANGUAGE_STANDARD = gnu11;
				GCC_NO_COMMON_BLOCKS = YES;
				GCC_WARN_64_TO_32_BIT_CONVERSION = YES;
				GCC_WARN_ABOUT_RETURN_TYPE = YES_ERROR;
				GCC_WARN_UNDECLARED_SELECTOR = YES;
				GCC_WARN_UNINITIALIZED_AUTOS = YES_AGGRESSIVE;
				GCC_WARN_UNUSED_FUNCTION = YES;
				GCC_WARN_UNUSED_VARIABLE = YES;
				IPHONEOS_DEPLOYMENT_TARGET = 11.0;
				MTL_ENABLE_DEBUG_INFO = NO;
				MTL_FAST_MATH = YES;
				SDKROOT = iphoneos;
				SWIFT_COMPILATION_MODE = wholemodule;
				SWIFT_OPTIMIZATION_LEVEL = "-O";
				VALIDATE_PRODUCT = YES;
			};
			name = Release;
		};
		3F8539ED23F15C2D00DC8939 /* Debug */ = {
			isa = XCBuildConfiguration;
			baseConfigurationReference = 7B5FEE455FCACD44A77B4456 /* Pods-ImagoApp.debug.xcconfig */;
			buildSettings = {
				ASSETCATALOG_COMPILER_APPICON_NAME = AppIcon;
				CODE_SIGN_STYLE = Automatic;
				DEVELOPMENT_TEAM = NZS88LGRK8;
				INFOPLIST_FILE = ImagoApp/Info.plist;
				IPHONEOS_DEPLOYMENT_TARGET = 11.0;
				LD_RUNPATH_SEARCH_PATHS = (
					"$(inherited)",
					"@executable_path/Frameworks",
				);
				PRODUCT_BUNDLE_IDENTIFIER = com.Wayout.ImagoApp;
				PRODUCT_NAME = "$(TARGET_NAME)";
				SWIFT_VERSION = 5.0;
				TARGETED_DEVICE_FAMILY = "1,2";
			};
			name = Debug;
		};
		3F8539EE23F15C2D00DC8939 /* Release */ = {
			isa = XCBuildConfiguration;
			baseConfigurationReference = C36E4FCE04BBFC77DA56245B /* Pods-ImagoApp.release.xcconfig */;
			buildSettings = {
				ASSETCATALOG_COMPILER_APPICON_NAME = AppIcon;
				CODE_SIGN_STYLE = Automatic;
				DEVELOPMENT_TEAM = NZS88LGRK8;
				INFOPLIST_FILE = ImagoApp/Info.plist;
				IPHONEOS_DEPLOYMENT_TARGET = 11.0;
				LD_RUNPATH_SEARCH_PATHS = (
					"$(inherited)",
					"@executable_path/Frameworks",
				);
				PRODUCT_BUNDLE_IDENTIFIER = com.Wayout.ImagoApp;
				PRODUCT_NAME = "$(TARGET_NAME)";
				SWIFT_VERSION = 5.0;
				TARGETED_DEVICE_FAMILY = "1,2";
			};
			name = Release;
		};
/* End XCBuildConfiguration section */

/* Begin XCConfigurationList section */
		3F0B4E1223F5392B006FE05E /* Build configuration list for PBXNativeTarget "ImagoAppTests" */ = {
			isa = XCConfigurationList;
			buildConfigurations = (
				3F0B4E1323F5392B006FE05E /* Debug */,
				3F0B4E1423F5392B006FE05E /* Release */,
			);
			defaultConfigurationIsVisible = 0;
			defaultConfigurationName = Release;
		};
		3F8539D323F15C2B00DC8939 /* Build configuration list for PBXProject "ImagoApp" */ = {
			isa = XCConfigurationList;
			buildConfigurations = (
				3F8539EA23F15C2D00DC8939 /* Debug */,
				3F8539EB23F15C2D00DC8939 /* Release */,
			);
			defaultConfigurationIsVisible = 0;
			defaultConfigurationName = Release;
		};
		3F8539EC23F15C2D00DC8939 /* Build configuration list for PBXNativeTarget "ImagoApp" */ = {
			isa = XCConfigurationList;
			buildConfigurations = (
				3F8539ED23F15C2D00DC8939 /* Debug */,
				3F8539EE23F15C2D00DC8939 /* Release */,
			);
			defaultConfigurationIsVisible = 0;
			defaultConfigurationName = Release;
		};
/* End XCConfigurationList section */
	};
	rootObject = 3F8539D023F15C2B00DC8939 /* Project object */;
}
